{
    "_meta": {
        "hash": {
            "sha256": "181dee72cf0e9d78ea61581643f5579a3a62573511d828ce3cd5f34b385141b8"
        },
        "pipfile-spec": 6,
        "requires": {
            "python_full_version": "3.14.7",
            "python_version": "3.14"
        },
        "sources": [
            {
                "name": "pypi",
                "url": "https://pypi.org/simple",
                "verify_ssl": true
            }
        ]
    },
    "default": {
        "aniso8601": {
            "hashes": [
                "sha256:25488f8663dd1528ae1f54f94ac1ea51ae25b4d531539b8bc707fed184d16845",
                "sha256:eb19717fd4e0db6de1aab06f12450ab92144246b257423fe020af5748c0cb89e"
            ],
            "version": "==10.0.1"
        },
        "blinker": {
            "hashes": [
                "sha256:b4ce2265a7abece45e7cc896e98dbebe6cead56bcf805a3d23136d145f5445bf",
                "sha256:ba0efaa9080b619ff2f3459d1d500c57bddea4a6b424b60a91141db6fd2f08bc"
            ],
            "markers": "python_version >= '3.9'",
            "version": "==1.9.0"
        },
        "click": {
            "hashes": [
                "sha256:255bc9599cf7748b4b1a446ccc735421bd08a2ae529a8b88597d3de5664ee360",
                "sha256:ba0d2089de75ea0310e2dde03160e6ca10009947fb95a182f9b54021bb272e34"
            ],
            "markers": "python_version >= '3.10'",
            "version": "==8.5.0"
        },
        "flask": {
            "hashes": [
                "sha256:0ef0e52b8a9cd932855379197dd8f94047b359ca0a78695144304cb45f87c9eb",
                "sha256:f4bcbefc124291925f1a26446da31a5178f9483862233b23c0c96a20701f670c"
            ],
            "index": "pypi",
            "markers": "python_version >= '3.9'",
            "version": "==3.1.3"
        },
        "flask-restful": {
            "hashes": [
                "sha256:1cf93c535172f112e080b0d4503a8d15f93a48c88bdd36dd87269bdaf405051b",
                "sha256:fe4af2ef0027df8f9b4f797aba20c5566801b6ade995ac63b588abf1a59cec37"
            ],
            "index": "pypi",
            "version": "==0.3.10"
        },
        "flask-sqlalchemy": {
            "hashes": [
                "sha256:4ba4be7f419dc72f4efd8802d69974803c37259dd42f3913b0dcf75c9447e0a0",
                "sha256:e4b68bb881802dda1a7d878b2fc84c06d1ee57fb40b874d3dc97dabfa36b8312"
            ],
            "index": "pypi",
            "markers": "python_version >= '3.8'",
            "version": "==3.1.1"
        },
        "itsdangerous": {
            "hashes": [
                "sha256:c6242fc49e35958c8b15141343aa660db5fc54d4f13a1db01a3f5891b98700ef",
                "sha256:e0050c0b7da1eea53ffaf149c0cfbb5c6e2e2b69c4bef22c81fa6eb73e5f6173"
            ],
            "markers": "python_version >= '3.8'",
            "version": "==2.2.0"
        },
        "jinja2": {
            "hashes": [
                "sha256:0137fb05990d35f1275a587e9aee6d56da821fc83491a0fb838183be43f66d6d",
                "sha256:85ece4451f492d0c13c5dd7c13a64681a86afae63a5f347908daf103ce6d2f67"
            ],
            "markers": "python_version >= '3.7'",
            "version": "==3.1.6"
        },
        "markupsafe": {
            "hashes": [
                "sha256:0303439a41979d9e74d18ff5e2dd8c43ed6c6001fd40e5bf2e43f7bd9bbc523f",
                "sha256:068f375c472b3e7acbe2d5318dea141359e6900156b5b2ba06a30b169086b91a",
                "sha256:0bf2a864d67e76e5c9a34dc26ec616a66b9888e25e7b9460e1c76d3293bd9dbf",
                "sha256:0db14f5dafddbb6d9208827849fad01f1a2609380add406671a26386cdf15a19",
                "sha256:0eb9ff8191e8498cca014656ae6b8d61f39da5f95b488805da4bb029cccbfbaf",
                "sha256:0f4b68347f8c5eab4a13419215bdfd7f8c9b19f2b25520968adfad23eb0ce60c",
                "sha256:1085e7fbddd3be5f89cc898938f42c0b3c711fdcb37d75221de2666af647c175",
                "sha256:116bb52f642a37c115f517494ea5feb03889e04df47eeff5b130b1808ce7c219",
                "sha256:12c63dfb4a98206f045aa9563db46507995f7ef6d83b2f68eda65c307c6829eb",
                "sha256:133a43e73a802c5562be9bbcd03d090aa5a1fe899db609c29e8c8d815c5f6de6",
                "sha256:1353ef0c1b138e1907ae78e2f6c63ff67501122006b0f9abad68fda5f4ffc6ab",
                "sha256:15d939a21d546304880945ca1ecb8a039db6b4dc49b2c5a400387cdae6a62e26",
                "sha256:177b5253b2834fe3678cb4a5f0059808258584c559193998be2601324fdeafb1",
                "sha256:1872df69a4de6aead3491198eaf13810b565bdbeec3ae2dc8780f14458ec73ce",
                "sha256:1b4b79e8ebf6b55351f0d91fe80f893b4743f104bff22e90697db1590e47a218",
                "sha256:1b52b4fb9df4eb9ae465f8d0c228a00624de2334f216f178a995ccdcf82c4634",
                "sha256:1ba88449deb3de88bd40044603fafffb7bc2b055d626a330323a9ed736661695",
                "sha256:1cc7ea17a6824959616c525620e387f6dd30fec8cb44f649e31712db02123dad",
                "sha256:218551f6df4868a8d527e3062d0fb968682fe92054e89978594c28e642c43a73",
                "sha256:26a5784ded40c9e318cfc2bdb30fe164bdb8665ded9cd64d500a34fb42067b1c",
                "sha256:2713baf880df847f2bece4230d4d094280f4e67b1e813eec43b4c0e144a34ffe",
                "sha256:2a15a08b17dd94c53a1da0438822d70ebcd13f8c3a95abe3a9ef9f11a94830aa",
                "sha256:2f981d352f04553a7171b8e44369f2af4055f888dfb147d55e42d29e29e74559",
                "sha256:32001d6a8fc98c8cb5c947787c5d08b0a50663d139f1305bac5885d98d9b40fa",
                "sha256:3524b778fe5cfb3452a09d31e7b5adefeea8c5be1d43c4f810ba09f2ceb29d37",
                "sha256:3537e01efc9d4dccdf77221fb1cb3b8e1a38d5428920e0657ce299b20324d758",
                "sha256:35add3b638a5d900e807944a078b51922212fb3dedb01633a8defc4b01a3c85f",
                "sha256:38664109c14ffc9e7437e86b4dceb442b0096dfe3541d7864d9cbe1da4cf36c8",
                "sha256:3a7e8ae81ae39e62a41ec302f972ba6ae23a5c5396c8e60113e9066ef893da0d",
                "sha256:3b562dd9e9ea93f13d53989d23a7e775fdfd1066c33494ff43f5418bc8c58a5c",
                "sha256:457a69a9577064c05a97c41f4e65148652db078a3a509039e64d3467b9e7ef97",
                "sha256:4bd4cd07944443f5a265608cc6aab442e4f74dff8088b0dfc8238647b8f6ae9a",
                "sha256:4e885a3d1efa2eadc93c894a21770e4bc67899e3543680313b09f139e149ab19",
                "sha256:4faffd047e07c38848ce017e8725090413cd80cbc23d86e55c587bf979e579c9",
                "sha256:509fa21c6deb7a7a273d629cf5ec029bc209d1a51178615ddf718f5918992ab9",
                "sha256:5678211cb9333a6468fb8d8be0305520aa073f50d17f089b5b4b477ea6e67fdc",
                "sha256:591ae9f2a647529ca990bc681daebdd52c8791ff06c2bfa05b65163e28102ef2",
                "sha256:5a7d5dc5140555cf21a6fefbdbf8723f06fcd2f63ef108f2854de715e4422cb4",
                "sha256:69c0b73548bc525c8cb9a251cddf1931d1db4d2258e9599c28c07ef3580ef354",
                "sha256:6b5420a1d9450023228968e7e6a9ce57f65d148ab56d2313fcd589eee96a7a50",
                "sha256:722695808f4b6457b320fdc131280796bdceb04ab50fe1795cd540799ebe1698",
                "sha256:729586769a26dbceff69f7a7dbbf59ab6572b99d94576a5592625d5b411576b9",
                "sha256:77f0643abe7495da77fb436f50f8dab76dbc6e5fd25d39589a0f1fe6548bfa2b",
                "sha256:795e7751525cae078558e679d646ae45574b47ed6e7771863fcc079a6171a0fc",
                "sha256:7be7b61bb172e1ed687f1754f8e7484f1c8019780f6f6b0786e76bb01c2ae115",
                "sha256:7c3fb7d25180895632e5d3148dbdc29ea38ccb7fd210aa27acbd1201a1902c6e",
                "sha256:7e68f88e5b8799aa49c85cd116c932a1ac15caaa3f5db09087854d218359e485",
                "sha256:83891d0e9fb81a825d9a6d61e3f07550ca70a076484292a70fde82c4b807286f",
                "sha256:8485f406a96febb5140bfeca44a73e3ce5116b2501ac54fe953e488fb1d03b12",
                "sha256:8709b08f4a89aa7586de0aadc8da56180242ee0ada3999749b183aa23df95025",
                "sha256:8f71bc33915be5186016f675cd83a1e08523649b0e33efdb898db577ef5bb009",
                "sha256:915c04ba3851909ce68ccc2b8e2cd691618c4dc4c4232fb7982bca3f41fd8c3d",
                "sha256:949b8d66bc381ee8b007cd945914c721d9aba8e27f71959d750a46f7c282b20b",
                "sha256:94c6f0bb423f739146aec64595853541634bde58b2135f27f61c1ffd1cd4d16a",
                "sha256:9a1abfdc021a164803f4d485104931fb8f8c1efd55bc6b748d2f5774e78b62c5",
                "sha256:9b79b7a16f7fedff2495d684f2b59b0457c3b493778c9eed31111be64d58279f",
                "sha256:a320721ab5a1aba0a233739394eb907f8c8da5c98c9181d1161e77a0c8e36f2d",
                "sha256:a4afe79fb3de0b7097d81da19090f4df4f8d3a2b3adaa8764138aac2e44f3af1",
                "sha256:ad2cf8aa28b8c020ab2fc8287b0f823d0a7d8630784c31e9ee5edea20f406287",
                "sha256:b8512a91625c9b3da6f127803b166b629725e68af71f8184ae7e7d54686a56d6",
                "sha256:bc51efed119bc9cfdf792cdeaa4d67e8f6fcccab66ed4bfdd6bde3e59bfcbb2f",
                "sha256:bdc919ead48f234740ad807933cdf545180bfbe9342c2bb451556db2ed958581",
                "sha256:bdd37121970bfd8be76c5fb069c7751683bdf373db1ed6c010162b2a130248ed",
                "sha256:be8813b57049a7dc738189df53d69395eba14fb99345e0a5994914a3864c8a4b",
                "sha256:c0c0b3ade1c0b13b936d7970b1d37a57acde9199dc2aecc4c336773e1d86049c",
                "sha256:c47a551199eb8eb2121d4f0f15ae0f923d31350ab9280078d1e5f12b249e0026",
                "sha256:c4ffb7ebf07cfe8931028e3e4c85f0357459a3f9f9490886198848f4fa002ec8",
                "sha256:ccfcd093f13f0f0b7fdd0f198b90053bf7b2f02a3927a30e63f3ccc9df56b676",
                "sha256:d2ee202e79d8ed691ceebae8e0486bd9a2cd4794cec4824e1c99b6f5009502f6",
                "sha256:d53197da72cc091b024dd97249dfc7794d6a56530370992a5e1a08983ad9230e",
                "sha256:d6dd0be5b5b189d31db7cda48b91d7e0a9795f31430b7f271219ab30f1d3ac9d",
                "sha256:d88b440e37a16e651bda4c7c2b930eb586fd15ca7406cb39e211fcff3bf3017d",
                "sha256:de8a88e63464af587c950061a5e6a67d3632e36df62b986892331d4620a35c01",
                "sha256:df2449253ef108a379b8b5d6b43f4b1a8e81a061d6537becd5582fba5f9196d7",
                "sha256:e1c1493fb6e50ab01d20a22826e57520f1284df32f2d8601fdd90b6304601419",
                "sha256:e1cf1972137e83c5d4c136c43ced9ac51d0e124706ee1c8aa8532c1287fa8795",
                "sha256:e2103a929dfa2fcaf9bb4e7c091983a49c9ac3b19c9061b6d5427dd7d14d81a1",
                "sha256:e56b7d45a839a697b5eb268c82a71bd8c7f6c94d6fd50c3d577fa39a9f1409f5",
                "sha256:e8afc3f2ccfa24215f8cb28dcf43f0113ac3c37c2f0f0806d8c70e4228c5cf4d",
                "sha256:e8fc20152abba6b83724d7ff268c249fa196d8259ff481f3b1476383f8f24e42",
                "sha256:eaa9599de571d72e2daf60164784109f19978b327a3910d3e9de8c97b5b70cfe",
                "sha256:ec15a59cf5af7be74194f7ab02d0f59a62bdcf1a537677ce67a2537c9b87fcda",
                "sha256:f190daf01f13c72eac4efd5c430a8de82489d9cff23c364c3ea822545032993e",
                "sha256:f34c41761022dd093b4b6896d4810782ffbabe30f2d443ff5f083e0cbbb8c737",
                "sha256:f3e98bb3798ead92273dc0e5fd0f31ade220f59a266ffd8a4f6065e0a3ce0523",
                "sha256:f42d0984e947b8adf7dd6dde396e720934d12c506ce84eea8476409563607591",
                "sha256:f71a396b3bf33ecaa1626c255855702aca4d3d9fea5e051b41ac59a9c1c41edc",
                "sha256:f9e130248f4462aaa8e2552d547f36ddadbeaa573879158d721bbd33dfe4743a",
                "sha256:fed51ac40f757d41b7c48425901843666a6677e3e8eb0abcff09e4ba6e664f50"
            ],
            "markers": "python_version >= '3.9'",
            "version": "==3.0.3"
        },
        "numpy": {
            "hashes": [
                "sha256:012e66aca395d795496446e52aeeb5866312a5d4d3f27da270e5a0b43f70dc5c",
                "sha256:09d5a423c71ad5feb5625844ad58050e35df43871004b52ac9c0ad44a56775be",
                "sha256:09ffa5d903faeaa5c4dd05009cf81c8bab9f2cb37c548b8d39b65b4cfa7c97f7",
                "sha256:0a59a421a32580a009e8a1751345bf829631b990dc1794b80514ab722b435def",
                "sha256:116f96cadd935c6122e9228d676fe7ede19e741f5c8bb1c3cddbe0c51ccebea2",
                "sha256:1302b90c0e52281681b2975adfe8a860cb7b12216a27b4b0b4207c44bf7bccf0",
                "sha256:15aa985ac73a8db02db7663381aa109510449d3819d37206caed27b33a65a8a6",
                "sha256:1aad64d99730d013cfc6debafed22783b4fc5a7f4b8bc744d2d8cf7dcc880551",
                "sha256:1c80eabb4035ecf4ca9cd49cde8a9fdd69a729e63e6474887d1523ade7aa277f",
                "sha256:1f3ed25271581281f2fccb1adcedfcde4c07362eec69189b50baf6f90e3ae159",
                "sha256:1fb6f8fb9ff0b3a69f52c66ce397b0246583e9f28616231b0e32ca49259a5fa6",
                "sha256:214045a5bf00113a146ab9ee9730c44501af6723cdf1f6830932f7b5ef2e7af0",
                "sha256:26e15e4aecd8617dfbaecb37d223e365d7b39411fba20454be2670a96aa74cb5",
                "sha256:2c25dfa72943e4336ddb6b0ee4277b47a0c85bede0807530ec68103bf58e2c10",
                "sha256:2d8240cb4c16fd831074aa2b2cf9fc54664d826341d61c372245b96a74a49a9a",
                "sha256:350ba9783ce969cf9f7ce6e6a9a58e1a6e2a19ca025b7ee448c4db727706212a",
                "sha256:4c8a6d2ebce6305fd82fbefca827775437147052a976ee7c94b36a0c1b52ac6c",
                "sha256:4f8929ee6c96bfbd7b4ed2032e0c03af86fe1826740ab61ddabf9072d06e57ff",
                "sha256:536f963710a4e63934d80ac0dc4f478804a83e9a84b6828018f25d09953ada33",
                "sha256:54a115e5a73b8fc44f0cebef486365a1894b5c9760685d4558b72b7c3eb846e0",
                "sha256:595d020938c84e320bcf40ad71089e108eac0d377cd018e14a8c094f39e98d85",
                "sha256:66a78fe4556c60aceda5916f9eacd638b18e9e681016ec302dcb4682d6d4d034",
                "sha256:6b05c171afb3aa07adbd20abc00aea86fe375beb0fdb9ef780ec5b7f63bab1c0",
                "sha256:6cef4bb1706dfec49243c05d921eefb4e190d41e2528b30d8035ea1f36b4c24a",
                "sha256:6f24021b9f22bc6301c37b196974a92c1c18dccedb6fef3dd252e95f2d6adbe4",
                "sha256:71b39d9f935b6ec0f8753e3e2afb51e3efba6f2e05b68b32a40754d24bcd4a3c",
                "sha256:71cad2b2a7451ab79d8f5e71b453485b6775963d5cf794179144a7463fe6e8ec",
                "sha256:76c2c1e6bfa5c84adc6434dfbf013aa92096a7985221762c8f11fedfd20fff58",
                "sha256:8617bbfae4486cf99c9f899966699428d19da931d06ca94ad3da986c76e15997",
                "sha256:86bff898a431c0fb71f7610b75726e75a54d47b37edc9d537f48de63bb3c0b90",
                "sha256:8e4dd766076855b5ff7ea52fa5f07ce26286726e0f8bff446b7739d02e6ea204",
                "sha256:92f30e89b8ee0ecf363033576c422b2f58fed6a80bed0aa48dff6d14c654663e",
                "sha256:93e1f5447e2b1e479d7bd74701e84746b86450cff1fc368b132d195e2b8f8211",
                "sha256:9a37475425b431b4d060f23b4f52cd2f3aef6bc7c654bd760adf0040eec9d435",
                "sha256:9deb49575e5b0b94ed72c8a64ec4d033381adc27e9060ae842971f697ba96104",
                "sha256:a5fa86b80fd24bcd1aff83ad23be44ea323de3f787be8f8b15d4a65621e25321",
                "sha256:a6391fafaba97500887132cd582abc6e19452b1ac775a47caa7b24490e152058",
                "sha256:a72f874bc9e10e4b8f80426fb49716d5141f64442a0c8418065093ec8017fbb0",
                "sha256:ac7bb1c52d445bd4f8f7f97fefe6abc3a084dc4d63df50d79b17fa2b78e89297",
                "sha256:adc1ada2662f8a5f960b8a10d9986897e7499ef07e06d4cfe7197f8cce923c07",
                "sha256:b00eefbcf0f292945c4b4dec2ae845389ef5bcdcd596e6e4328051db5b5ba694",
                "sha256:b0521d0f4aebb6e06189451025fa17a913287b13c03d5fe05c017333b654ea5b",
                "sha256:b5d93cf48f687479941d12b69c873ad2cc76bbd487f0091c2200636497f34034",
                "sha256:b7e18c623bb5c95acb3b3328861272816ba199fb531921c5d6d0b675f1fde9e3",
                "sha256:bd4cb9ad3c7889b9b3fe0a9a9fb5d2ed26f9879bff2608d9f01aed147a20d231",
                "sha256:be5a8381859b6da607c84f4f7d6847725f1cf1853ef8a2c9e115b7d58bef47dc",
                "sha256:befa1ae5bd6030b3f512b43ff3fa5290bbed6b84411a44244b14adf835f5b89d",
                "sha256:bf63afbe037eb5d2fe87fbcc7778e61da53ebaf21d938a4515aa73b62532a5d4",
                "sha256:c00abe94c1a69d75d827dcf1c025b25c8a45d230b3bcd77a9020883a1b047653",
                "sha256:c2381f82999704f818e2c987a865050e285ec3621262c66d40f5a96c8f899f8e",
                "sha256:c76d5dde9f445058f83d0c02af00557a4db91de9a9a57c0df87d1535001d654b",
                "sha256:cb189f09db39283b26bfd061ec16189e14f71c6755207f72a0f7540867afe5b9",
                "sha256:ccb32e0525d29e8b0572eb84c9a57af0e7a4e615726927506f55063c62414034",
                "sha256:ccbc4665079665c3cf3bab4db9f6b095370cd6437d66be549b6c2a1fd19e1958",
                "sha256:d1c89973648c85069c5046ad460f7b8a00218b29a2e42359ac8cc63e9ab94832",
                "sha256:df2d5874ff183595a4ba404edd04f6bd9b5505c1d7708573f6a6c17489a67563",
                "sha256:e01c918ac3d48e18a927cf7b14a26a3e29ff2bdf2eacb976da0aecd6a43ed034",
                "sha256:e6ab667ba76450084eb64013762c438ea76d9d29cc676dcd6c2e9892ba37f841",
                "sha256:e931e4f499e0dc7ef29d269a8e5b35dd722e5d14be07df6240166ea7c6532fae",
                "sha256:f54660b0eb6b0b9f36e7fe1cdfdff472028dd0d14acd9b9b65098efbad059469",
                "sha256:f59a878c33d6b88122d80d239bb3b845d58708750b0cb06a09aebb9b18ec696c",
                "sha256:f7fabeb6cea87d65f3b926de33d03fb016cfdc29314c90974383b5582ae72891",
                "sha256:f9579f383d1bf9df80081e72760e84960a7fd4f88cf0c9e535a8597c9bb646f5",
                "sha256:f9a2353b37a1a9e78fd82b27ad7e2a32a2d036604d18f02b05e3136c62ca3b09",
                "sha256:fc36dc566135b5eceec4cf89758fcb719266a019ef07dae1754ae7c9f617ef3e",
                "sha256:ffdc76bfcae6b255dff75202c5e7feaf95b40246bc0a17944facc1fecf9f79ab"
            ],
            "markers": "python_version >= '3.12'",
            "version": "==2.5.3"
        },
        "opencv-python": {
            "hashes": [
                "sha256:09a332b50488e2dda866a6c5573ee192fe3583239fb26ff2f7f9ceb0bc119ea6",
                "sha256:2db02bb7e50b703f0a2d50c50ced72e95c574e1e5a0bb35a8a86d0b35c98c236",
                "sha256:32dbbd94c26f611dc5cc6979e6b7aa1f55a64d6b463cc1dcd3c95505a63e48fe",
                "sha256:71e575744f1d23f79741450254660442785f45a0797212852ee5199ef12eed98",
                "sha256:72d234e4582e9658ffea8e9cae5b63d488ad06994ef12d81dc303b17472f3526",
                "sha256:9ace140fc6d647fbe1c692bcb2abce768973491222c067c131d80957c595b71f",
                "sha256:fc182f8f4cda51b45f01c64e4cbedfc2f00aff799debebc305d8d0210c43f251"
            ],
            "index": "pypi",
            "markers": "python_version >= '3.6'",
            "version": "==4.10.0.84"
        },
        "pytz": {
            "hashes": [
                "sha256:464303645bafafd72418898368b2429458f709cf1eb6a15372fbcc396b64da63",
                "sha256:9d514388fbc89ca0833203464272ac485b8828568ab73532f5020f17e892a0ff"
            ],
            "version": "==2026.4"
        },
        "six": {
            "hashes": [
                "sha256:4721f391ed90541fddacab5acf947aa0d3dc7d27b2e1e8eda2be8970586c3274",
                "sha256:ff70335d468e7eb6ec65b95b99d3a2836546063f63acc5171de367e834932a81"
            ],
            "markers": "python_version >= '2.7' and python_version not in '3.0, 3.1, 3.2'",
            "version": "==1.17.0"
        },
        "sqlalchemy": {
            "hashes": [
                "sha256:0220e0d1d1ad2391a03cd6713ca5d795419033cc40baa1233f9ad454dffa25e6",
                "sha256:054a2c2b6cbe3ca7cb88aba9c5e2ecdbfc43656bea22326a41d09e5398c86ec4",
                "sha256:0593ed87886c44e94dfac4b22d20ed88b19a7dacd7440177d7156f9b011e4376",
                "sha256:092a743f28f3a660321e9b093144b6a5b16f08dbb9b2f52466b47a2a128475c2",
                "sha256:0b91e020ba33c0cb9842be6eb7de32dfebd9ad1e8f9a660a0fdb567fd0aeaed1",
                "sha256:0f94929be35def6580cf161f20c71930d9364d62f7040b6aed02b13fd3ca09e6",
                "sha256:0fad3dc37851b096ef72538b18152a5c1ae9c8b2013cd89f51eca83fc6eba36b",
                "sha256:1477f2f1f531697753a729dd8f3e4e98f7019086f001fdc4d50350c929871c8c",
                "sha256:18148691d761ef20a92cfc7dced305834e2c6ab4f4f3648f66f5d4028e234089",
                "sha256:1abf1acecd4d0fc34d4ab7e9cda9e849ce95b647e1a5f76db7d2a5a0bea4e1e5",
                "sha256:1ef7bc38d140b3cf08cc6e8823b8e76da2e188b5594997e2c16586c9778af472",
                "sha256:28b882509319789d52966d70164ccfc5bc1aaffc1c7f98a79bbccec13346ebd7",
                "sha256:2f0bb0502de28baed425278d4bd98658d8256419fd9ad6ca964138710f933aa0",
                "sha256:3353333f8c25fc5e0661f54630238a17b0d6600305e224400cd4642cce4af34f",
                "sha256:359e2411cf4713b4b323b3c2558a07663a19ab82a5d7b23c601e1be5432aac0c",
                "sha256:389e7098e9ae15094f222496de98b0fd211c06b896c73c6e46aa9ca5b6fcd590",
                "sha256:3ac9781474e4b6c3e184487643d47408666be794d5782165a817da63f981f89a",
                "sha256:4357c1a222e141662251a59d3702f9b124294941171dfa6bd570513e9f4905ee",
                "sha256:44dff425e7d88b04497b4317478a6af2a694327a087e6f1670a4266180838269",
                "sha256:4789593e8979d7c946da1985a560200b6ef6c3dc6dcc5442985d62c6f2908875",
                "sha256:481d926922d9bff632955ed6f07e2b87066b0d1069eb67cbc8c35e27f7fe5e1e",
                "sha256:5516bdaacf5521b7de69a5c76961fde2cdc4edcb39730eccff16246a44cb8715",
                "sha256:558d6d7d6eec0e54ed212320a587bb7f30553550396226d8488803c93757f17b",
                "sha256:57ae70935cd382cd41d84757e802687f7c5e7411aecf2b962b7bdb6ea74e088c",
                "sha256:583038541d9246dbb05fc4ab73038dc61820983c12fa5e32a3b0d903e1ba7bba",
                "sha256:597e1edf9cbe6ce63974813000c02c7a44da3d21f1da47f07174732ba188e8ae",
                "sha256:61333b2f806f64a08a1edf0b0e4271905f73c1f7e525c23da7a491f74c109835",
                "sha256:63c0291bf0f721543db3719c71f2d5ad6649f12abbcbc8324d42805dac112cbc",
                "sha256:6a261e2244fa88e6eded95a078550c0584da55db22d49b0b2db8c075788282fb",
                "sha256:6a7ff6a02a102e0575d237172e90adc96466e6ab6511eae7fd43775e6ab19db2",
                "sha256:73743f135b489d3551eeb3cbbb3756d6cc41bb68e033d2b7b2b620b11c6c9d12",
                "sha256:73b0f7cb41a3df79dc0427377a9e2a099eb15995a327120d651f21309faa662a",
                "sha256:758d52653c8902baac25269c5b7c6fca4a198e066f2212fd2ed1b98174fd7bbb",
                "sha256:7c60fb6793cf60b2733012352f0e1861c38b24727d0e37a1da1f3974eb79f0ed",
                "sha256:7ed18c0747eec4a0d8d9abe4c89d96ec0eda97721ab7d3a31d0c1ebcbf38cd2e",
                "sha256:7f15820c84b2377bcf02cf754232690ac2ad90d425978bf1e5ba30cc04f94d55",
                "sha256:842a5c00ca9719cc26fba6f401f70e4bac19dc8cc4dc36350803a03954d6aea2",
                "sha256:87d45175e8ba4a1ee027ad9307e6a4bf8a242469415f12afc9477def739474b0",
                "sha256:88cb0a27ee9571fe339d7809a40b14ff2387ea05d02629a390a03c87cc981277",
                "sha256:8a3126c1203cdfc0f00884f9e8dbe95307b813f883ee9d9691983a563ebc96f8",
                "sha256:8b0660ded5f9c090f9bf49fba78d52843ff3ca8c10f71624811f42f11655762d",
                "sha256:8d846615b89702ef5d0809e701ff5f3816b88dd02670c777adc456f6d81ef3ef",
                "sha256:9324681cf8d8e9c7f6e507fea6a8ac2215fee253340d4399645216a08b936660",
                "sha256:9dcedb4b1ad160a1297772162f9a15fc317627b76ac7c98d12c41ce38522d8ef",
                "sha256:a0421f9eedad616b04a097ae3f155c5a0a31380364369861fd6e0f46074c3fce",
                "sha256:a74c46cd93e34b912adafab98aa71c862518451a019d97f9c2f37392fc8eea3f",
                "sha256:abd893deac6b0765f51d87129c5631cc5bc8f784f8bf22a9d3903695c764bccc",
                "sha256:af189bd861bd31a84f0ba244d6db0c8aeae9e56448c9001bf02ee6a93758b39e",
                "sha256:b04365ffe57cdeaf4d0f75630332d857dde3f91336bc4bdec76c810473c9c35e",
                "sha256:b2a036e3c8b183f9c31df7611e03a4bd160e055915772bb8c13ec382da8f3571",
                "sha256:b357598df0676accd1ccfb6bbc5db53dbfb499052d2d1677adf4ce14a7180664",
                "sha256:b76d8fddf080c53f2afdea6e7149721e7b980086a2f17a9b0bdb42571a92c285",
                "sha256:c19633f7614e1af93192f89debfa5bfbfaed93c80dd8903417d1605d019958dc",
                "sha256:cf88881d593f527860fa7c63a50095496a5fa15632b1fee58e3114353f7fbc22",
                "sha256:d111318e32b4452d85b491d2ba3f39f6be2736ff858da616f0e6627bb3810145",
                "sha256:dabf6a73f2cc1fa2155b29f2a8a85afd82d8613262e6054cc3c932f5dee5d474",
                "sha256:dee7886f4725c304641929a38d1ebe163f9fb45a5c9363f34bbb85bfdcb084c5",
                "sha256:e08c92feb447b60e352c3581cc8a03119e36917b79362af62fd1a289c4d8e27b",
                "sha256:e1986faa95fd7b206e5bdd1af7f4ba9ac10f1166225fb2eca0fbca04e3851f7d",
                "sha256:e20233c7d000c006a03f3734d8e7a6e63aa878fcd3482c1f412c864a0992e5a0",
                "sha256:e37b1fe2e080bf47f3b693dfbec9aa39d3c3d52bfac3b4fef290a449570bcf3f",
                "sha256:e5274d07ae1dc5dc0e452ec24bdc97cf76ba189cab3f0c1c0386a1523240f775",
                "sha256:ea049f3e2702967414bc79f58a484dab191359267726607e6c1579a09ef93788",
                "sha256:eb2095d39baecbf8b78ea202d3d21178cc8d73e52c3b450c82feb200d5b0d1a9",
                "sha256:ee446c07db92e94af30e1390ef7d65c1172756403f743fb7d8b4fc5f377cd427",
                "sha256:eef01acb10295adfac8a960f716687052fe16f14a3f5955b56c24eefa9df7851",
                "sha256:f083b4b6a6d0061b0f9ffec0ea9ded82700a6bd11ced32ccb42f855f7806f812",
                "sha256:f2c1c27a41d1a26db380b3bad45f822d979c9608108c32ee613a418ec454ecbf",
                "sha256:f90e517b2eb9c4c40fcc978c8c242789fa6cb0064c501fd8c1515145ed5fe23d",
                "sha256:fb1f36ca818146b0e844dbde6dced65805d4ee06ce6282aa46a807f9a6619ede",
                "sha256:fcf3cbb33bb23bad75d2150157c21804618745731e9931ab27e61879a9f6123b",
                "sha256:fdef70d59afce463bedef54580ba6a832f9f2313c1d0054e15cbb4ff46f37a97"
            ],
            "markers": "python_version >= '3.11'",
            "version": "==2.1.1"
        },
        "typing-extensions": {
            "hashes": [
                "sha256:481caa481374e813c1b176ada14e97f1f67a4539ce9cfeb3f350d78d6370c2e8",
                "sha256:dc983d19a509c94dba722ee6abd33940f7c05a89e243c47e907eb4db6f1a43e5"
            ],
            "markers": "python_version >= '3.9'",
            "version": "==4.16.0"
        },
        "werkzeug": {
            "hashes": [
                "sha256:55ca7c70a75689be937aa27f8ff4b018f06ff4838fc73045560bf0f5a1291060",
                "sha256:6392e50c78460ba618e5b21f08a71f59c99ce99cdc6cf6e3dd7e6ccca8754fab"
            ],
            "markers": "python_version >= '3.9'",
            "version": "==3.1.9"
        }
    },
    "develop": {
        "autopep8": {
            "hashes": [
                "sha256:89440a4f969197b69a995e4ce0661b031f455a9f776d2c5ba3dbd83466931758",
                "sha256:ce8ad498672c845a0c3de2629c15b635ec2b05ef8177a6e7c91c74f3e9b51128"
            ],
            "index": "pypi",
            "markers": "python_version >= '3.9'",
            "version": "==2.3.2"
        },
        "flake8": {
            "hashes": [
                "sha256:78480274a6d7289d9cb8eafeda241fac57d4ea687d26e32dfdca37b72cdeddad",
                "sha256:84ea5afcaf344487b0ea5baaebb8100f4cfaebc01f755998f75876664029f587"
            ],
            "index": "pypi",
            "markers": "python_version >= '3.10'",
            "version": "==7.4.1"
        },
        "mccabe": {
            "hashes": [
                "sha256:348e0240c33b60bbdf4e523192ef919f28cb2c3d7d5c7794f74009290f236325",
                "sha256:6c2d30ab6be0e4a46919781807b4f0d834ebdd6c6e3dca0bda5a15f863427b6e"
            ],
            "markers": "python_version >= '3.6'",
            "version": "==0.7.0"
        },
        "packaging": {
            "hashes": [
                "sha256:94edc256424af38762eb31306eed28beb9f0efc50a8837492c9d6fd6004aed79",
                "sha256:d7193f7c8e4e93f444fde0262bf90af30e16fa0ad0ad44cb553c87339b23cd1c"
            ],
            "markers": "python_version >= '3.9'",
            "version": "==26.3"
        },
        "platformdirs": {
            "hashes": [
                "sha256:29dbf06d96c500bc6bdbce75fb0a14d63279c93b1842f97e72a135b33e856983",
                "sha256:eab5f70271a490ef74618bb314fbb86e3c7e82fa3b9c922c2ea0e0a1a155d329"
            ],
            "markers": "python_version >= '3.10'",
            "version": "==4.12.2"
        },
        "pycodestyle": {
            "hashes": [
                "sha256:12fd2f73c7b8ee8845a0431111df8faf4c1a07d6e64e2ee7f0c74014dab14181",
                "sha256:318f5db083869b4c4dad922d0b11124fb27ab181b6730b93371da671e31bd50e"
            ],
            "markers": "python_version >= '3.10'",
            "version": "==2.15.0"
        },
        "pyflakes": {
            "hashes": [
                "sha256:0f7b7a78e8fcffd78b205200f045a70911f4179be1b42eac82c3323e0bf5c8aa",
                "sha256:492b27735181e3d4a6acfc08738948b666bf3e696781854ea6e0d8540d566d52"
            ],
            "markers": "python_version >= '3.10'",
            "version": "==4.0.0"
        },
        "pytoolconfig": {
            "extras": [
                "global"
            ],
            "hashes": [
                "sha256:51e6bd1a6f108238ae6aab6a65e5eed5e75d456be1c2bf29b04e5c1e7d7adbae",
                "sha256:5d8cea8ae1996938ec3eaf44567bbc5ef1bc900742190c439a44a704d6e1b62b"
            ],
            "markers": "python_version >= '3.8'",
            "version": "==1.3.1"
        },
        "rope": {
            "hashes": [
                "sha256:1445f5c6eb3c2c6eda9f9532ed02513a09c1694bfee4a9291f7a86a990ac44a1",
                "sha256:a9e82c9f5ca5a1054387c22fdf6c9de9e948af556138bda57d4da81d3378793a"
            ],
            "index": "pypi",
            "markers": "python_version >= '3.10'",
            "version": "==1.15.0"
        }
    }
}
